// !$*UTF8*$!
{
	archiveVersion = 1;
	classes = {
	};
	objectVersion = 77;
	objects = {

/* Begin PBXBuildFile section */
		A56728CF2D367CC1003D0C7A /* Alamofire in Frameworks */ = {isa = PBXBuildFile; productRef = A56728CE2D367CC1003D0C7A /* Alamofire */; };
/* End PBXBuildFile section */

/* Begin PBXContainerItemProxy section */
		A5B933852D2AA94A00D18C00 /* PBXContainerItemProxy */ = {
			isa = PBXContainerItemProxy;
			containerPortal = A5B9336A2D2AA94800D18C00 /* Project object */;
			proxyType = 1;
			remoteGlobalIDString = A5B933712D2AA94800D18C00;
			remoteInfo = RecipeBook;
		};
		A5B9338F2D2AA94A00D18C00 /* PBXContainerItemProxy */ = {
			isa = PBXContainerItemProxy;
			containerPortal = A5B9336A2D2AA94800D18C00 /* Project object */;
			proxyType = 1;
			remoteGlobalIDString = A5B933712D2AA94800D18C00;
			remoteInfo = RecipeBook;
		};
/* End PBXContainerItemProxy section */

/* Begin PBXFileReference section */
		A5B933722D2AA94800D18C00 /* Recipe Book.app */ = {isa = PBXFileReference; explicitFileType = wrapper.application; includeInIndex = 0; path = "Recipe Book.app"; sourceTree = BUILT_PRODUCTS_DIR; };
		A5B933842D2AA94A00D18C00 /* RecipeBookTests.xctest */ = {isa = PBXFileReference; explicitFileType = wrapper.cfbundle; includeInIndex = 0; path = RecipeBookTests.xctest; sourceTree = BUILT_PRODUCTS_DIR; };
		A5B9338E2D2AA94A00D18C00 /* RecipeBookUITests.xctest */ = {isa = PBXFileReference; explicitFileType = wrapper.cfbundle; includeInIndex = 0; path = RecipeBookUITests.xctest; sourceTree = BUILT_PRODUCTS_DIR; };
/* End PBXFileReference section */

/* Begin PBXFileSystemSynchronizedBuildFileExceptionSet section */
		A5B933E92D2ACD4B00D18C00 /* Exceptions for "RecipeBook" folder in "RecipeBookTests" target */ = {
			isa = PBXFileSystemSynchronizedBuildFileExceptionSet;
			membershipExceptions = (
				Data/API/RecipeApi/Enums/SortDirection.swift,
				Presentation/Components/Layout/NavBar/NavBarTab.swift,
				Presentation/Components/Layout/NavBar/NavBarTabModel.swift,
				Presentation/Components/Layout/NavBar/NavBarView.swift,
				Presentation/Components/Shared/RecipeCard/RecipeCardMockData.swift,
				Presentation/Screens/SavedRecipes/SavedRecipesView.swift,
				Presentation/Screens/SearchRecipes/SarchRecipesSortOptions.swift,
				Presentation/Screens/SearchRecipes/SearchRecipesFilter.swift,
				Presentation/Screens/SearchRecipes/SearchRecipesScreen.swift,
				Presentation/Screens/SearchRecipes/SearchRecipesScreenViewModel.swift,
				Presentation/Screens/Settings/SettingsView.swift,
				"Resources/Fonts/Poppins-Bold.ttf",
				"Resources/Fonts/Poppins-Italic.ttf",
				"Resources/Fonts/Poppins-Regular.ttf",
				Resources/Localization/Cuisines.xcstrings,
				Resources/Localization/Localizable.xcstrings,
				Resources/Localization/MealTypes.xcstrings,
				Resources/Localization/RecipeSortingOptions.xcstrings,
			);
			target = A5B933832D2AA94A00D18C00 /* RecipeBookTests */;
		};
		A5B933EA2D2ACD4B00D18C00 /* Exceptions for "RecipeBook" folder in "RecipeBookUITests" target */ = {
			isa = PBXFileSystemSynchronizedBuildFileExceptionSet;
			membershipExceptions = (
				Data/API/RecipeApi/Enums/SortDirection.swift,
				Presentation/Components/Layout/NavBar/NavBarTab.swift,
				Presentation/Components/Layout/NavBar/NavBarTabModel.swift,
				Presentation/Components/Layout/NavBar/NavBarView.swift,
				Presentation/Components/Shared/RecipeCard/RecipeCardMockData.swift,
				Presentation/Screens/SavedRecipes/SavedRecipesView.swift,
				Presentation/Screens/SearchRecipes/SarchRecipesSortOptions.swift,
				Presentation/Screens/SearchRecipes/SearchRecipesFilter.swift,
				Presentation/Screens/SearchRecipes/SearchRecipesScreen.swift,
				Presentation/Screens/SearchRecipes/SearchRecipesScreenViewModel.swift,
				Presentation/Screens/Settings/SettingsView.swift,
				"Resources/Fonts/Poppins-Bold.ttf",
				"Resources/Fonts/Poppins-Italic.ttf",
				"Resources/Fonts/Poppins-Regular.ttf",
				Resources/Localization/Cuisines.xcstrings,
				Resources/Localization/Localizable.xcstrings,
				Resources/Localization/MealTypes.xcstrings,
				Resources/Localization/RecipeSortingOptions.xcstrings,
			);
			target = A5B9338D2D2AA94A00D18C00 /* RecipeBookUITests */;
		};
		A5B933F22D2ACE0000D18C00 /* Exceptions for "RecipeBook" folder in "RecipeBook" target */ = {
			isa = PBXFileSystemSynchronizedBuildFileExceptionSet;
			membershipExceptions = (
				Info.plist,
			);
			target = A5B933712D2AA94800D18C00 /* RecipeBook */;
		};
/* End PBXFileSystemSynchronizedBuildFileExceptionSet section */

/* Begin PBXFileSystemSynchronizedRootGroup section */
		A5B933742D2AA94800D18C00 /* RecipeBook */ = {
			isa = PBXFileSystemSynchronizedRootGroup;
			exceptions = (
				A5B933F22D2ACE0000D18C00 /* Exceptions for "RecipeBook" folder in "RecipeBook" target */,
				A5B933E92D2ACD4B00D18C00 /* Exceptions for "RecipeBook" folder in "RecipeBookTests" target */,
				A5B933EA2D2ACD4B00D18C00 /* Exceptions for "RecipeBook" folder in "RecipeBookUITests" target */,
			);
			path = RecipeBook;
			sourceTree = "<group>";
		};
		A5B933872D2AA94A00D18C00 /* RecipeBookTests */ = {
			isa = PBXFileSystemSynchronizedRootGroup;
			path = RecipeBookTests;
			sourceTree = "<group>";
		};
		A5B933912D2AA94A00D18C00 /* RecipeBookUITests */ = {
			isa = PBXFileSystemSynchronizedRootGroup;
			path = RecipeBookUITests;
			sourceTree = "<group>";
		};
/* End PBXFileSystemSynchronizedRootGroup section */

/* Begin PBXFrameworksBuildPhase section */
		A5B9336F2D2AA94800D18C00 /* Frameworks */ = {
			isa = PBXFrameworksBuildPhase;
			buildActionMask = 2147483647;
			files = (
				A56728CF2D367CC1003D0C7A /* Alamofire in Frameworks */,
			);
			runOnlyForDeploymentPostprocessing = 0;
		};
		A5B933812D2AA94A00D18C00 /* Frameworks */ = {
			isa = PBXFrameworksBuildPhase;
			buildActionMask = 2147483647;
			files = (
			);
			runOnlyForDeploymentPostprocessing = 0;
		};
		A5B9338B2D2AA94A00D18C00 /* Frameworks */ = {
			isa = PBXFrameworksBuildPhase;
			buildActionMask = 2147483647;
			files = (
			);
			runOnlyForDeploymentPostprocessing = 0;
		};
/* End PBXFrameworksBuildPhase section */

/* Begin PBXGroup section */
		A5B933692D2AA94800D18C00 = {
			isa = PBXGroup;
			children = (
				A5B933742D2AA94800D18C00 /* RecipeBook */,
				A5B933872D2AA94A00D18C00 /* RecipeBookTests */,
				A5B933912D2AA94A00D18C00 /* RecipeBookUITests */,
				A5B933732D2AA94800D18C00 /* Products */,
			);
			sourceTree = "<group>";
		};
		A5B933732D2AA94800D18C00 /* Products */ = {
			isa = PBXGroup;
			children = (
				A5B933722D2AA94800D18C00 /* Recipe Book.app */,
				A5B933842D2AA94A00D18C00 /* RecipeBookTests.xctest */,
				A5B9338E2D2AA94A00D18C00 /* RecipeBookUITests.xctest */,
			);
			name = Products;
			sourceTree = "<group>";
		};
/* End PBXGroup section */

/* Begin PBXNativeTarget section */
		A5B933712D2AA94800D18C00 /* RecipeBook */ = {
			isa = PBXNativeTarget;
			buildConfigurationList = A5B933982D2AA94A00D18C00 /* Build configuration list for PBXNativeTarget "RecipeBook" */;
			buildPhases = (
				A5B9336E2D2AA94800D18C00 /* Sources */,
				A5B9336F2D2AA94800D18C00 /* Frameworks */,
				A5B933702D2AA94800D18C00 /* Resources */,
			);
			buildRules = (
			);
			dependencies = (
			);
			fileSystemSynchronizedGroups = (
				A5B933742D2AA94800D18C00 /* RecipeBook */,
			);
			name = RecipeBook;
			packageProductDependencies = (
				A56728CE2D367CC1003D0C7A /* Alamofire */,
			);
			productName = RecipeBook;
			productReference = A5B933722D2AA94800D18C00 /* Recipe Book.app */;
			productType = "com.apple.product-type.application";
		};
		A5B933832D2AA94A00D18C00 /* RecipeBookTests */ = {
			isa = PBXNativeTarget;
			buildConfigurationList = A5B9339B2D2AA94A00D18C00 /* Build configuration list for PBXNativeTarget "RecipeBookTests" */;
			buildPhases = (
				A5B933802D2AA94A00D18C00 /* Sources */,
				A5B933812D2AA94A00D18C00 /* Frameworks */,
				A5B933822D2AA94A00D18C00 /* Resources */,
			);
			buildRules = (
			);
			dependencies = (
				A5B933862D2AA94A00D18C00 /* PBXTargetDependency */,
			);
			fileSystemSynchronizedGroups = (
				A5B933872D2AA94A00D18C00 /* RecipeBookTests */,
			);
			name = RecipeBookTests;
			packageProductDependencies = (
			);
			productName = RecipeBookTests;
			productReference = A5B933842D2AA94A00D18C00 /* RecipeBookTests.xctest */;
			productType = "com.apple.product-type.bundle.unit-test";
		};
		A5B9338D2D2AA94A00D18C00 /* RecipeBookUITests */ = {
			isa = PBXNativeTarget;
			buildConfigurationList = A5B9339E2D2AA94A00D18C00 /* Build configuration list for PBXNativeTarget "RecipeBookUITests" */;
			buildPhases = (
				A5B9338A2D2AA94A00D18C00 /* Sources */,
				A5B9338B2D2AA94A00D18C00 /* Frameworks */,
				A5B9338C2D2AA94A00D18C00 /* Resources */,
			);
			buildRules = (
			);
			dependencies = (
				A5B933902D2AA94A00D18C00 /* PBXTargetDependency */,
			);
			fileSystemSynchronizedGroups = (
				A5B933912D2AA94A00D18C00 /* RecipeBookUITests */,
			);
			name = RecipeBookUITests;
			packageProductDependencies = (
			);
			productName = RecipeBookUITests;
			productReference = A5B9338E2D2AA94A00D18C00 /* RecipeBookUITests.xctest */;
			productType = "com.apple.product-type.bundle.ui-testing";
		};
/* End PBXNativeTarget section */

/* Begin PBXProject section */
		A5B9336A2D2AA94800D18C00 /* Project object */ = {
			isa = PBXProject;
			attributes = {
				BuildIndependentTargetsInParallel = 1;
				LastSwiftUpdateCheck = 1600;
				LastUpgradeCheck = 1600;
				TargetAttributes = {
					A5B933712D2AA94800D18C00 = {
						CreatedOnToolsVersion = 16.0;
					};
					A5B933832D2AA94A00D18C00 = {
						CreatedOnToolsVersion = 16.0;
						TestTargetID = A5B933712D2AA94800D18C00;
					};
					A5B9338D2D2AA94A00D18C00 = {
						CreatedOnToolsVersion = 16.0;
						TestTargetID = A5B933712D2AA94800D18C00;
					};
				};
			};
			buildConfigurationList = A5B9336D2D2AA94800D18C00 /* Build configuration list for PBXProject "RecipeBook" */;
			developmentRegion = en;
			hasScannedForEncodings = 0;
			knownRegions = (
				en,
				Base,
				ru,
			);
			mainGroup = A5B933692D2AA94800D18C00;
			minimizedProjectReferenceProxies = 1;
			packageReferences = (
				A5B933A12D2AB42B00D18C00 /* XCRemoteSwiftPackageReference "Alamofire" */,
			);
			preferredProjectObjectVersion = 77;
			productRefGroup = A5B933732D2AA94800D18C00 /* Products */;
			projectDirPath = "";
			projectRoot = "";
			targets = (
				A5B933712D2AA94800D18C00 /* RecipeBook */,
				A5B933832D2AA94A00D18C00 /* RecipeBookTests */,
				A5B9338D2D2AA94A00D18C00 /* RecipeBookUITests */,
			);
		};
/* End PBXProject section */

/* Begin PBXResourcesBuildPhase section */
		A5B933702D2AA94800D18C00 /* Resources */ = {
			isa = PBXResourcesBuildPhase;
			buildActionMask = 2147483647;
			files = (
			);
			runOnlyForDeploymentPostprocessing = 0;
		};
		A5B933822D2AA94A00D18C00 /* Resources */ = {
			isa = PBXResourcesBuildPhase;
			buildActionMask = 2147483647;
			files = (
			);
			runOnlyForDeploymentPostprocessing = 0;
		};
		A5B9338C2D2AA94A00D18C00 /* Resources */ = {
			isa = PBXResourcesBuildPhase;
			buildActionMask = 2147483647;
			files = (
			);
			runOnlyForDeploymentPostprocessing = 0;
		};
/* End PBXResourcesBuildPhase section */

/* Begin PBXSourcesBuildPhase section */
		A5B9336E2D2AA94800D18C00 /* Sources */ = {
			isa = PBXSourcesBuildPhase;
			buildActionMask = 2147483647;
			files = (
			);
			runOnlyForDeploymentPostprocessing = 0;
		};
		A5B933802D2AA94A00D18C00 /* Sources */ = {
			isa = PBXSourcesBuildPhase;
			buildActionMask = 2147483647;
			files = (
			);
			runOnlyForDeploymentPostprocessing = 0;
		};
		A5B9338A2D2AA94A00D18C00 /* Sources */ = {
			isa = PBXSourcesBuildPhase;
			buildActionMask = 2147483647;
			files = (
			);
			runOnlyForDeploymentPostprocessing = 0;
		};
/* End PBXSourcesBuildPhase section */

/* Begin PBXTargetDependency section */
		A5B933862D2AA94A00D18C00 /* PBXTargetDependency */ = {
			isa = PBXTargetDependency;
			target = A5B933712D2AA94800D18C00 /* RecipeBook */;
			targetProxy = A5B933852D2AA94A00D18C00 /* PBXContainerItemProxy */;
		};
		A5B933902D2AA94A00D18C00 /* PBXTargetDependency */ = {
			isa = PBXTargetDependency;
			target = A5B933712D2AA94800D18C00 /* RecipeBook */;
			targetProxy = A5B9338F2D2AA94A00D18C00 /* PBXContainerItemProxy */;
		};
/* End PBXTargetDependency section */

/* Begin XCBuildConfiguration section */
		A5B933962D2AA94A00D18C00 /* Debug */ = {
			isa = XCBuildConfiguration;
			buildSettings = {
				ALWAYS_SEARCH_USER_PATHS = NO;
				ASSETCATALOG_COMPILER_GENERATE_SWIFT_ASSET_SYMBOL_EXTENSIONS = YES;
				CLANG_ANALYZER_NONNULL = YES;
				CLANG_ANALYZER_NUMBER_OBJECT_CONVERSION = YES_AGGRESSIVE;
				CLANG_CXX_LANGUAGE_STANDARD = "gnu++20";
				CLANG_ENABLE_MODULES = YES;
				CLANG_ENABLE_OBJC_ARC = YES;
				CLANG_ENABLE_OBJC_WEAK = YES;
				CLANG_WARN_BLOCK_CAPTURE_AUTORELEASING = YES;
				CLANG_WARN_BOOL_CONVERSION = YES;
				CLANG_WARN_COMMA = YES;
				CLANG_WARN_CONSTANT_CONVERSION = YES;
				CLANG_WARN_DEPRECATED_OBJC_IMPLEMENTATIONS = YES;
				CLANG_WARN_DIRECT_OBJC_ISA_USAGE = YES_ERROR;
				CLANG_WARN_DOCUMENTATION_COMMENTS = YES;
				CLANG_WARN_EMPTY_BODY = YES;
				CLANG_WARN_ENUM_CONVERSION = YES;
				CLANG_WARN_INFINITE_RECURSION = YES;
				CLANG_WARN_INT_CONVERSION = YES;
				CLANG_WARN_NON_LITERAL_NULL_CONVERSION = YES;
				CLANG_WARN_OBJC_IMPLICIT_RETAIN_SELF = YES;
				CLANG_WARN_OBJC_LITERAL_CONVERSION = YES;
				CLANG_WARN_OBJC_ROOT_CLASS = YES_ERROR;
				CLANG_WARN_QUOTED_INCLUDE_IN_FRAMEWORK_HEADER = YES;
				CLANG_WARN_RANGE_LOOP_ANALYSIS = YES;
				CLANG_WARN_STRICT_PROTOTYPES = YES;
				CLANG_WARN_SUSPICIOUS_MOVE = YES;
				CLANG_WARN_UNGUARDED_AVAILABILITY = YES_AGGRESSIVE;
				CLANG_WARN_UNREACHABLE_CODE = YES;
				CLANG_WARN__DUPLICATE_METHOD_MATCH = YES;
				COPY_PHASE_STRIP = NO;
				DEBUG_INFORMATION_FORMAT = dwarf;
				ENABLE_STRICT_OBJC_MSGSEND = YES;
				ENABLE_TESTABILITY = YES;
				ENABLE_USER_SCRIPT_SANDBOXING = YES;
				GCC_C_LANGUAGE_STANDARD = gnu17;
				GCC_DYNAMIC_NO_PIC = NO;
				GCC_NO_COMMON_BLOCKS = YES;
				GCC_OPTIMIZATION_LEVEL = 0;
				GCC_PREPROCESSOR_DEFINITIONS = (
					"DEBUG=1",
					"$(inherited)",
				);
				GCC_WARN_64_TO_32_BIT_CONVERSION = YES;
				GCC_WARN_ABOUT_RETURN_TYPE = YES_ERROR;
				GCC_WARN_UNDECLARED_SELECTOR = YES;
				GCC_WARN_UNINITIALIZED_AUTOS = YES_AGGRESSIVE;
				GCC_WARN_UNUSED_FUNCTION = YES;
				GCC_WARN_UNUSED_VARIABLE = YES;
				IPHONEOS_DEPLOYMENT_TARGET = 18.0;
				LOCALIZATION_PREFERS_STRING_CATALOGS = YES;
				MTL_ENABLE_DEBUG_INFO = INCLUDE_SOURCE;
				MTL_FAST_MATH = YES;
				ONLY_ACTIVE_ARCH = YES;
				SDKROOT = iphoneos;
				SWIFT_ACTIVE_COMPILATION_CONDITIONS = "DEBUG $(inherited)";
				SWIFT_EMIT_LOC_STRINGS = YES;
				SWIFT_OPTIMIZATION_LEVEL = "-Onone";
			};
			name = Debug;
		};
		A5B933972D2AA94A00D18C00 /* Release */ = {
			isa = XCBuildConfiguration;
			buildSettings = {
				ALWAYS_SEARCH_USER_PATHS = NO;
				ASSETCATALOG_COMPILER_GENERATE_SWIFT_ASSET_SYMBOL_EXTENSIONS = YES;
				CLANG_ANALYZER_NONNULL = YES;
				CLANG_ANALYZER_NUMBER_OBJECT_CONVERSION = YES_AGGRESSIVE;
				CLANG_CXX_LANGUAGE_STANDARD = "gnu++20";
				CLANG_ENABLE_MODULES = YES;
				CLANG_ENABLE_OBJC_ARC = YES;
				CLANG_ENABLE_OBJC_WEAK = YES;
				CLANG_WARN_BLOCK_CAPTURE_AUTORELEASING = YES;
				CLANG_WARN_BOOL_CONVERSION = YES;
				CLANG_WARN_COMMA = YES;
				CLANG_WARN_CONSTANT_CONVERSION = YES;
				CLANG_WARN_DEPRECATED_OBJC_IMPLEMENTATIONS = YES;
				CLANG_WARN_DIRECT_OBJC_ISA_USAGE = YES_ERROR;
				CLANG_WARN_DOCUMENTATION_COMMENTS = YES;
				CLANG_WARN_EMPTY_BODY = YES;
				CLANG_WARN_ENUM_CONVERSION = YES;
				CLANG_WARN_INFINITE_RECURSION = YES;
				CLANG_WARN_INT_CONVERSION = YES;
				CLANG_WARN_NON_LITERAL_NULL_CONVERSION = YES;
				CLANG_WARN_OBJC_IMPLICIT_RETAIN_SELF = YES;
				CLANG_WARN_OBJC_LITERAL_CONVERSION = YES;
				CLANG_WARN_OBJC_ROOT_CLASS = YES_ERROR;
				CLANG_WARN_QUOTED_INCLUDE_IN_FRAMEWORK_HEADER = YES;
				CLANG_WARN_RANGE_LOOP_ANALYSIS = YES;
				CLANG_WARN_STRICT_PROTOTYPES = YES;
				CLANG_WARN_SUSPICIOUS_MOVE = YES;
				CLANG_WARN_UNGUARDED_AVAILABILITY = YES_AGGRESSIVE;
				CLANG_WARN_UNREACHABLE_CODE = YES;
				CLANG_WARN__DUPLICATE_METHOD_MATCH = YES;
				COPY_PHASE_STRIP = NO;
				DEBUG_INFORMATION_FORMAT = "dwarf-with-dsym";
				ENABLE_NS_ASSERTIONS = NO;
				ENABLE_STRICT_OBJC_MSGSEND = YES;
				ENABLE_USER_SCRIPT_SANDBOXING = YES;
				GCC_C_LANGUAGE_STANDARD = gnu17;
				GCC_NO_COMMON_BLOCKS = YES;
				GCC_WARN_64_TO_32_BIT_CONVERSION = YES;
				GCC_WARN_ABOUT_RETURN_TYPE = YES_ERROR;
				GCC_WARN_UNDECLARED_SELECTOR = YES;
				GCC_WARN_UNINITIALIZED_AUTOS = YES_AGGRESSIVE;
				GCC_WARN_UNUSED_FUNCTION = YES;
				GCC_WARN_UNUSED_VARIABLE = YES;
				IPHONEOS_DEPLOYMENT_TARGET = 18.0;
				LOCALIZATION_PREFERS_STRING_CATALOGS = YES;
				MTL_ENABLE_DEBUG_INFO = NO;
				MTL_FAST_MATH = YES;
				SDKROOT = iphoneos;
				SWIFT_COMPILATION_MODE = wholemodule;
				SWIFT_EMIT_LOC_STRINGS = YES;
				VALIDATE_PRODUCT = YES;
			};
			name = Release;
		};
		A5B933992D2AA94A00D18C00 /* Debug */ = {
			isa = XCBuildConfiguration;
			buildSettings = {
				ASSETCATALOG_COMPILER_APPICON_NAME = AppIcon;
				ASSETCATALOG_COMPILER_GLOBAL_ACCENT_COLOR_NAME = AccentColor;
				CODE_SIGN_STYLE = Automatic;
				CURRENT_PROJECT_VERSION = 1;
				DEVELOPMENT_ASSET_PATHS = "\"RecipeBook/Preview Content\"";
				ENABLE_PREVIEWS = YES;
				GENERATE_INFOPLIST_FILE = YES;
				INFOPLIST_FILE = RecipeBook/Info.plist;
				INFOPLIST_KEY_LSApplicationCategoryType = "public.app-category.food-and-drink";
				INFOPLIST_KEY_UIApplicationSceneManifest_Generation = YES;
				INFOPLIST_KEY_UIApplicationSupportsIndirectInputEvents = YES;
				INFOPLIST_KEY_UILaunchScreen_Generation = YES;
				INFOPLIST_KEY_UISupportedInterfaceOrientations_iPad = "UIInterfaceOrientationPortrait UIInterfaceOrientationPortraitUpsideDown UIInterfaceOrientationLandscapeLeft UIInterfaceOrientationLandscapeRight";
				INFOPLIST_KEY_UISupportedInterfaceOrientations_iPhone = "UIInterfaceOrientationPortrait UIInterfaceOrientationLandscapeLeft UIInterfaceOrientationLandscapeRight";
				LD_RUNPATH_SEARCH_PATHS = (
					"$(inherited)",
					"@executable_path/Frameworks",
				);
				MARKETING_VERSION = 1.0;
				PRODUCT_BUNDLE_IDENTIFIER = d.rummo.RecipeBook;
				PRODUCT_NAME = "Recipe Book";
				SWIFT_EMIT_LOC_STRINGS = YES;
				SWIFT_VERSION = 5.0;
				TARGETED_DEVICE_FAMILY = "1,2";
			};
			name = Debug;
		};
		A5B9339A2D2AA94A00D18C00 /* Release */ = {
			isa = XCBuildConfiguration;
			buildSettings = {
				ASSETCATALOG_COMPILER_APPICON_NAME = AppIcon;
				ASSETCATALOG_COMPILER_GLOBAL_ACCENT_COLOR_NAME = AccentColor;
				CODE_SIGN_STYLE = Automatic;
				CURRENT_PROJECT_VERSION = 1;
				DEVELOPMENT_ASSET_PATHS = "\"RecipeBook/Preview Content\"";
				ENABLE_PREVIEWS = YES;
				GENERATE_INFOPLIST_FILE = YES;
				INFOPLIST_FILE = RecipeBook/Info.plist;
				INFOPLIST_KEY_LSApplicationCategoryType = "public.app-category.food-and-drink";
				INFOPLIST_KEY_UIApplicationSceneManifest_Generation = YES;
				INFOPLIST_KEY_UIApplicationSupportsIndirectInputEvents = YES;
				INFOPLIST_KEY_UILaunchScreen_Generation = YES;
				INFOPLIST_KEY_UISupportedInterfaceOrientations_iPad = "UIInterfaceOrientationPortrait UIInterfaceOrientationPortraitUpsideDown UIInterfaceOrientationLandscapeLeft UIInterfaceOrientationLandscapeRight";
				INFOPLIST_KEY_UISupportedInterfaceOrientations_iPhone = "UIInterfaceOrientationPortrait UIInterfaceOrientationLandscapeLeft UIInterfaceOrientationLandscapeRight";
				LD_RUNPATH_SEARCH_PATHS = (
					"$(inherited)",
					"@executable_path/Frameworks",
				);
				MARKETING_VERSION = 1.0;
				PRODUCT_BUNDLE_IDENTIFIER = d.rummo.RecipeBook;
				PRODUCT_NAME = "Recipe Book";
				SWIFT_EMIT_LOC_STRINGS = YES;
				SWIFT_VERSION = 5.0;
				TARGETED_DEVICE_FAMILY = "1,2";
			};
			name = Release;
		};
		A5B9339C2D2AA94A00D18C00 /* Debug */ = {
			isa = XCBuildConfiguration;
			buildSettings = {
				BUNDLE_LOADER = "$(TEST_HOST)";
				CODE_SIGN_STYLE = Automatic;
				CURRENT_PROJECT_VERSION = 1;
				GENERATE_INFOPLIST_FILE = YES;
				IPHONEOS_DEPLOYMENT_TARGET = 18.0;
				MARKETING_VERSION = 1.0;
				PRODUCT_BUNDLE_IDENTIFIER = d.rummo.RecipeBookTests;
				PRODUCT_NAME = "$(TARGET_NAME)";
				SWIFT_EMIT_LOC_STRINGS = NO;
				SWIFT_VERSION = 5.0;
				TARGETED_DEVICE_FAMILY = "1,2";
				TEST_HOST = "$(BUILT_PRODUCTS_DIR)/RecipeBook.app/$(BUNDLE_EXECUTABLE_FOLDER_PATH)/RecipeBook";
			};
			name = Debug;
		};
		A5B9339D2D2AA94A00D18C00 /* Release */ = {
			isa = XCBuildConfiguration;
			buildSettings = {
				BUNDLE_LOADER = "$(TEST_HOST)";
				CODE_SIGN_STYLE = Automatic;
				CURRENT_PROJECT_VERSION = 1;
				GENERATE_INFOPLIST_FILE = YES;
				IPHONEOS_DEPLOYMENT_TARGET = 18.0;
				MARKETING_VERSION = 1.0;
				PRODUCT_BUNDLE_IDENTIFIER = d.rummo.RecipeBookTests;
				PRODUCT_NAME = "$(TARGET_NAME)";
				SWIFT_EMIT_LOC_STRINGS = NO;
				SWIFT_VERSION = 5.0;
				TARGETED_DEVICE_FAMILY = "1,2";
				TEST_HOST = "$(BUILT_PRODUCTS_DIR)/RecipeBook.app/$(BUNDLE_EXECUTABLE_FOLDER_PATH)/RecipeBook";
			};
			name = Release;
		};
		A5B9339F2D2AA94A00D18C00 /* Debug */ = {
			isa = XCBuildConfiguration;
			buildSettings = {
				CODE_SIGN_STYLE = Automatic;
				CURRENT_PROJECT_VERSION = 1;
				GENERATE_INFOPLIST_FILE = YES;
				MARKETING_VERSION = 1.0;
				PRODUCT_BUNDLE_IDENTIFIER = d.rummo.RecipeBookUITests;
				PRODUCT_NAME = "$(TARGET_NAME)";
				SWIFT_EMIT_LOC_STRINGS = NO;
				SWIFT_VERSION = 5.0;
				TARGETED_DEVICE_FAMILY = "1,2";
				TEST_TARGET_NAME = RecipeBook;
			};
			name = Debug;
		};
		A5B933A02D2AA94A00D18C00 /* Release */ = {
			isa = XCBuildConfiguration;
			buildSettings = {
				CODE_SIGN_STYLE = Automatic;
				CURRENT_PROJECT_VERSION = 1;
				GENERATE_INFOPLIST_FILE = YES;
				MARKETING_VERSION = 1.0;
				PRODUCT_BUNDLE_IDENTIFIER = d.rummo.RecipeBookUITests;
				PRODUCT_NAME = "$(TARGET_NAME)";
				SWIFT_EMIT_LOC_STRINGS = NO;
				SWIFT_VERSION = 5.0;
				TARGETED_DEVICE_FAMILY = "1,2";
				TEST_TARGET_NAME = RecipeBook;
			};
			name = Release;
		};
/* End XCBuildConfiguration section */

/* Begin XCConfigurationList section */
		A5B9336D2D2AA94800D18C00 /* Build configuration list for PBXProject "RecipeBook" */ = {
			isa = XCConfigurationList;
			buildConfigurations = (
				A5B933962D2AA94A00D18C00 /* Debug */,
				A5B933972D2AA94A00D18C00 /* Release */,
			);
			defaultConfigurationIsVisible = 0;
			defaultConfigurationName = Release;
		};
		A5B933982D2AA94A00D18C00 /* Build configuration list for PBXNativeTarget "RecipeBook" */ = {
			isa = XCConfigurationList;
			buildConfigurations = (
				A5B933992D2AA94A00D18C00 /* Debug */,
				A5B9339A2D2AA94A00D18C00 /* Release */,
			);
			defaultConfigurationIsVisible = 0;
			defaultConfigurationName = Release;
		};
		A5B9339B2D2AA94A00D18C00 /* Build configuration list for PBXNativeTarget "RecipeBookTests" */ = {
			isa = XCConfigurationList;
			buildConfigurations = (
				A5B9339C2D2AA94A00D18C00 /* Debug */,
				A5B9339D2D2AA94A00D18C00 /* Release */,
			);
			defaultConfigurationIsVisible = 0;
			defaultConfigurationName = Release;
		};
		A5B9339E2D2AA94A00D18C00 /* Build configuration list for PBXNativeTarget "RecipeBookUITests" */ = {
			isa = XCConfigurationList;
			buildConfigurations = (
				A5B9339F2D2AA94A00D18C00 /* Debug */,
				A5B933A02D2AA94A00D18C00 /* Release */,
			);
			defaultConfigurationIsVisible = 0;
			defaultConfigurationName = Release;
		};
/* End XCConfigurationList section */

/* Begin XCRemoteSwiftPackageReference section */
		A5B933A12D2AB42B00D18C00 /* XCRemoteSwiftPackageReference "Alamofire" */ = {
			isa = XCRemoteSwiftPackageReference;
			repositoryURL = "https://github.com/Alamofire/Alamofire";
			requirement = {
				kind = upToNextMajorVersion;
				minimumVersion = 5.10.2;
			};
		};
/* End XCRemoteSwiftPackageReference section */

/* Begin XCSwiftPackageProductDependency section */
		A56728CE2D367CC1003D0C7A /* Alamofire */ = {
			isa = XCSwiftPackageProductDependency;
			package = A5B933A12D2AB42B00D18C00 /* XCRemoteSwiftPackageReference "Alamofire" */;
			productName = Alamofire;
		};
/* End XCSwiftPackageProductDependency section */
	};
	rootObject = A5B9336A2D2AA94800D18C00 /* Project object */;
}
